
Microsoft Visual Studio Solution File, Format Version 12.00
# Visual Studio Version 17
VisualStudioVersion = 17.14.36518.9 d17.14
MinimumVisualStudioVersion = 10.0.40219.1
Project("{FAE04EC0-301F-11D3-BF4B-00C04F79EFBC}") = "curriculum_2_18", "curriculum_2_18\curriculum_2_18.csproj", "{2CA68770-2581-47FF-A258-DD3EC1B532D5}"
EndProject
Global
	GlobalSection(SolutionConfigurationPlatforms) = preSolution
		Debug|Any CPU = Debug|Any CPU
		Release|Any CPU = Release|Any CPU
	EndGlobalSection
	GlobalSection(ProjectConfigurationPlatforms) = postSolution
		{2CA68770-2581-47FF-A258-DD3EC1B532D5}.Debug|Any CPU.ActiveCfg = Debug|Any CPU
		{2CA68770-2581-47FF-A258-DD3EC1B532D5}.Debug|Any CPU.Build.0 = Debug|Any CPU
		{2CA68770-2581-47FF-A258-DD3EC1B532D5}.Release|Any CPU.ActiveCfg = Release|Any CPU
		{2CA68770-2581-47FF-A258-DD3EC1B532D5}.Release|Any CPU.Build.0 = Release|Any CPU
	EndGlobalSection
	GlobalSection(SolutionProperties) = preSolution
		HideSolutionNode = FALSE
	EndGlobalSection
	GlobalSection(ExtensibilityGlobals) = postSolution
		SolutionGuid = {1F9224DA-4605-49A7-8A19-E6790742D9D8}
	EndGlobalSection
EndGlobal
