
Microsoft Visual Studio Solution File, Format Version 12.00
# Visual Studio Version 17
VisualStudioVersion = 17.14.36518.9 d17.14
MinimumVisualStudioVersion = 10.0.40219.1
Project("{FAE04EC0-301F-11D3-BF4B-00C04F79EFBC}") = "curriculum_2_20", "curriculum_2_20\curriculum_2_20.csproj", "{4003AFF3-BED5-463B-A81E-FD64D7F78FF0}"
EndProject
Global
	GlobalSection(SolutionConfigurationPlatforms) = preSolution
		Debug|Any CPU = Debug|Any CPU
		Release|Any CPU = Release|Any CPU
	EndGlobalSection
	GlobalSection(ProjectConfigurationPlatforms) = postSolution
		{4003AFF3-BED5-463B-A81E-FD64D7F78FF0}.Debug|Any CPU.ActiveCfg = Debug|Any CPU
		{4003AFF3-BED5-463B-A81E-FD64D7F78FF0}.Debug|Any CPU.Build.0 = Debug|Any CPU
		{4003AFF3-BED5-463B-A81E-FD64D7F78FF0}.Release|Any CPU.ActiveCfg = Release|Any CPU
		{4003AFF3-BED5-463B-A81E-FD64D7F78FF0}.Release|Any CPU.Build.0 = Release|Any CPU
	EndGlobalSection
	GlobalSection(SolutionProperties) = preSolution
		HideSolutionNode = FALSE
	EndGlobalSection
	GlobalSection(ExtensibilityGlobals) = postSolution
		SolutionGuid = {A89581EA-E255-40C3-B1B9-A91A0A0BA24D}
	EndGlobalSection
EndGlobal
