
Microsoft Visual Studio Solution File, Format Version 12.00
# Visual Studio Version 17
VisualStudioVersion = 17.14.36518.9 d17.14
MinimumVisualStudioVersion = 10.0.40219.1
Project("{FAE04EC0-301F-11D3-BF4B-00C04F79EFBC}") = "curriculum_2_21", "curriculum_2_21\curriculum_2_21.csproj", "{B0D36C44-FC19-4957-BA2A-81E315279F74}"
EndProject
Global
	GlobalSection(SolutionConfigurationPlatforms) = preSolution
		Debug|Any CPU = Debug|Any CPU
		Release|Any CPU = Release|Any CPU
	EndGlobalSection
	GlobalSection(ProjectConfigurationPlatforms) = postSolution
		{B0D36C44-FC19-4957-BA2A-81E315279F74}.Debug|Any CPU.ActiveCfg = Debug|Any CPU
		{B0D36C44-FC19-4957-BA2A-81E315279F74}.Debug|Any CPU.Build.0 = Debug|Any CPU
		{B0D36C44-FC19-4957-BA2A-81E315279F74}.Release|Any CPU.ActiveCfg = Release|Any CPU
		{B0D36C44-FC19-4957-BA2A-81E315279F74}.Release|Any CPU.Build.0 = Release|Any CPU
	EndGlobalSection
	GlobalSection(SolutionProperties) = preSolution
		HideSolutionNode = FALSE
	EndGlobalSection
	GlobalSection(ExtensibilityGlobals) = postSolution
		SolutionGuid = {F396BCF0-7799-4C36-88D8-BD0AFC6AD09B}
	EndGlobalSection
EndGlobal
